
Microsoft Visual Studio Solution File, Format Version 12.00
# Visual Studio Version 17
VisualStudioVersion = 17.3.32825.248
MinimumVisualStudioVersion = 10.0.40219.1
Project("{9A19103F-16F7-4668-BE54-9A1E7A4F7556}") = "SquareApp", "SquareApp.csproj", "{8E8FDC63-779C-4398-A044-7B3B68C137F6}"
EndProject
Global
	GlobalSection(SolutionConfigurationPlatforms) = preSolution
		Debug|Any CPU = Debug|Any CPU
		Release|Any CPU = Release|Any CPU
	EndGlobalSection
	GlobalSection(ProjectConfigurationPlatforms) = postSolution
		{8E8FDC63-779C-4398-A044-7B3B68C137F6}.Debug|Any CPU.ActiveCfg = Debug|Any CPU
		{8E8FDC63-779C-4398-A044-7B3B68C137F6}.Debug|Any CPU.Build.0 = Debug|Any CPU
		{8E8FDC63-779C-4398-A044-7B3B68C137F6}.Release|Any CPU.ActiveCfg = Release|Any CPU
		{8E8FDC63-779C-4398-A044-7B3B68C137F6}.Release|Any CPU.Build.0 = Release|Any CPU
	EndGlobalSection
	GlobalSection(SolutionProperties) = preSolution
		HideSolutionNode = FALSE
	EndGlobalSection
	GlobalSection(ExtensibilityGlobals) = postSolution
		SolutionGuid = {756C24AC-38B2-4C04-BF73-E42DC8C63FA8}
	EndGlobalSection
EndGlobal
